
Microsoft Visual Studio Solution File, Format Version 12.00
# Visual Studio Version 17
VisualStudioVersion = 17.10.35027.167
MinimumVisualStudioVersion = 10.0.40219.1
Project("{2150E333-8FDC-42A3-9474-1A3956D46DE8}") = "Services", "Services", "{D2A0BB5E-452B-4E89-84DF-5FA3C3A99C2A}"
EndProject
Project("{2150E333-8FDC-42A3-9474-1A3956D46DE8}") = "Catalog", "Catalog", "{349E5A13-F54C-4698-B4E1-2BA67DB8391B}"
EndProject
Project("{FAE04EC0-301F-11D3-BF4B-00C04F79EFBC}") = "Catalog.API", "src\Services\Catalog\Catalog.API\Catalog.API.csproj", "{8B98AE96-2F45-490F-8A28-8C5C090A5AE6}"
EndProject
Project("{2150E333-8FDC-42A3-9474-1A3956D46DE8}") = "BuildingBlocks", "BuildingBlocks", "{08B6B0CF-7E79-4833-AEF8-7CE2690A07FC}"
EndProject
Project("{FAE04EC0-301F-11D3-BF4B-00C04F79EFBC}") = "BuildingBlocks", "src\BuildingBlocks\BuildingBlocks\BuildingBlocks.csproj", "{0509CB67-7586-4F66-9387-8403B2183B67}"
EndProject
Project("{E53339B2-1760-4266-BCC7-CA923CBCF16C}") = "docker-compose", "docker-compose.dcproj", "{801FFA77-2A84-4F7B-96CD-6B062809FEEF}"
EndProject
Global
	GlobalSection(SolutionConfigurationPlatforms) = preSolution
		Debug|Any CPU = Debug|Any CPU
		Release|Any CPU = Release|Any CPU
	EndGlobalSection
	GlobalSection(ProjectConfigurationPlatforms) = postSolution
		{8B98AE96-2F45-490F-8A28-8C5C090A5AE6}.Debug|Any CPU.ActiveCfg = Debug|Any CPU
		{8B98AE96-2F45-490F-8A28-8C5C090A5AE6}.Debug|Any CPU.Build.0 = Debug|Any CPU
		{8B98AE96-2F45-490F-8A28-8C5C090A5AE6}.Release|Any CPU.ActiveCfg = Release|Any CPU
		{8B98AE96-2F45-490F-8A28-8C5C090A5AE6}.Release|Any CPU.Build.0 = Release|Any CPU
		{0509CB67-7586-4F66-9387-8403B2183B67}.Debug|Any CPU.ActiveCfg = Debug|Any CPU
		{0509CB67-7586-4F66-9387-8403B2183B67}.Debug|Any CPU.Build.0 = Debug|Any CPU
		{0509CB67-7586-4F66-9387-8403B2183B67}.Release|Any CPU.ActiveCfg = Release|Any CPU
		{0509CB67-7586-4F66-9387-8403B2183B67}.Release|Any CPU.Build.0 = Release|Any CPU
		{801FFA77-2A84-4F7B-96CD-6B062809FEEF}.Debug|Any CPU.ActiveCfg = Debug|Any CPU
		{801FFA77-2A84-4F7B-96CD-6B062809FEEF}.Debug|Any CPU.Build.0 = Debug|Any CPU
		{801FFA77-2A84-4F7B-96CD-6B062809FEEF}.Release|Any CPU.ActiveCfg = Release|Any CPU
		{801FFA77-2A84-4F7B-96CD-6B062809FEEF}.Release|Any CPU.Build.0 = Release|Any CPU
	EndGlobalSection
	GlobalSection(SolutionProperties) = preSolution
		HideSolutionNode = FALSE
	EndGlobalSection
	GlobalSection(NestedProjects) = preSolution
		{349E5A13-F54C-4698-B4E1-2BA67DB8391B} = {D2A0BB5E-452B-4E89-84DF-5FA3C3A99C2A}
		{8B98AE96-2F45-490F-8A28-8C5C090A5AE6} = {349E5A13-F54C-4698-B4E1-2BA67DB8391B}
		{0509CB67-7586-4F66-9387-8403B2183B67} = {08B6B0CF-7E79-4833-AEF8-7CE2690A07FC}
	EndGlobalSection
	GlobalSection(ExtensibilityGlobals) = postSolution
		SolutionGuid = {E75A56F0-1F42-41E0-9957-63B9695FC626}
	EndGlobalSection
EndGlobal
